{
  "name": "sketch-outline",
  "version": "1.0.0",
  "lockfileVersion": 1,
  "requires": true,
  "dependencies": {
    "roughjs": {
      "version": "2.0.1",
      "resolved": "https://registry.npmjs.org/roughjs/-/roughjs-2.0.1.tgz",
      "integrity": "sha512-NRc2sYLqwW50y32R32Wu1tBKfMQlUGXlMVFbfb0AW5j64KXNy8mECYfaYdoMCZ0DAZjMtsZv4GayhKjg4ws9vw=="
    }
  }
}
